// !$*UTF8*$!
{
	archiveVersion = 1;
	classes = {
	};
	objectVersion = 46;
	objects = {

/* Begin PBXBuildFile section */
		BC3DF4491C3BFED00045F538 /* AppDelegate.swift in Sources */ = {isa = PBXBuildFile; fileRef = BC3DF4481C3BFED00045F538 /* AppDelegate.swift */; };
		BC3DF44B1C3BFED00045F538 /* ViewController.swift in Sources */ = {isa = PBXBuildFile; fileRef = BC3DF44A1C3BFED00045F538 /* ViewController.swift */; };
		BC3DF44E1C3BFED00045F538 /* Main.storyboard in Resources */ = {isa = PBXBuildFile; fileRef = BC3DF44C1C3BFED00045F538 /* Main.storyboard */; };
		BC3DF4501C3BFED00045F538 /* Assets.xcassets in Resources */ = {isa = PBXBuildFile; fileRef = BC3DF44F1C3BFED00045F538 /* Assets.xcassets */; };
		BC3DF4531C3BFED00045F538 /* LaunchScreen.storyboard in Resources */ = {isa = PBXBuildFile; fileRef = BC3DF4511C3BFED00045F538 /* LaunchScreen.storyboard */; };
/* End PBXBuildFile section */

/* Begin PBXFileReference section */
		BC3DF4451C3BFED00045F538 /* SuperCool.app */ = {isa = PBXFileReference; explicitFileType = wrapper.application; includeInIndex = 0; path = SuperCool.app; sourceTree = BUILT_PRODUCTS_DIR; };
		BC3DF4481C3BFED00045F538 /* AppDelegate.swift */ = {isa = PBXFileReference; lastKnownFileType = sourcecode.swift; path = AppDelegate.swift; sourceTree = "<group>"; };
		BC3DF44A1C3BFED00045F538 /* ViewController.swift */ = {isa = PBXFileReference; lastKnownFileType = sourcecode.swift; path = ViewController.swift; sourceTree = "<group>"; };
		BC3DF44D1C3BFED00045F538 /* Base */ = {isa = PBXFileReference; lastKnownFileType = file.storyboard; name = Base; path = Base.lproj/Main.storyboard; sourceTree = "<group>"; };
		BC3DF44F1C3BFED00045F538 /* Assets.xcassets */ = {isa = PBXFileReference; lastKnownFileType = folder.assetcatalog; path = Assets.xcassets; sourceTree = "<group>"; };
		BC3DF4521C3BFED00045F538 /* Base */ = {isa = PBXFileReference; lastKnownFileType = file.storyboard; name = Base; path = Base.lproj/LaunchScreen.storyboard; sourceTree = "<group>"; };
		BC3DF4541C3BFED00045F538 /* Info.plist */ = {isa = PBXFileReference; lastKnownFileType = text.plist.xml; path = Info.plist; sourceTree = "<group>"; };
/* End PBXFileReference section */

/* Begin PBXFrameworksBuildPhase section */
		BC3DF4421C3BFED00045F538 /* Frameworks */ = {
			isa = PBXFrameworksBuildPhase;
			buildActionMask = 2147483647;
			files = (
			);
			runOnlyForDeploymentPostprocessing = 0;
		};
/* End PBXFrameworksBuildPhase section */

/* Begin PBXGroup section */
		BC3DF43C1C3BFED00045F538 = {
			isa = PBXGroup;
			children = (
				BC3DF4471C3BFED00045F538 /* SuperCool */,
				BC3DF4461C3BFED00045F538 /* Products */,
			);
			sourceTree = "<group>";
		};
		BC3DF4461C3BFED00045F538 /* Products */ = {
			isa = PBXGroup;
			children = (
				BC3DF4451C3BFED00045F538 /* SuperCool.app */,
			);
			name = Products;
			sourceTree = "<group>";
		};
		BC3DF4471C3BFED00045F538 /* SuperCool */ = {
			isa = PBXGroup;
			children = (
				BC3DF4481C3BFED00045F538 /* AppDelegate.swift */,
				BC3DF44A1C3BFED00045F538 /* ViewController.swift */,
				BC3DF44C1C3BFED00045F538 /* Main.storyboard */,
				BC3DF44F1C3BFED00045F538 /* Assets.xcassets */,
				BC3DF4511C3BFED00045F538 /* LaunchScreen.storyboard */,
				BC3DF4541C3BFED00045F538 /* Info.plist */,
			);
			path = SuperCool;
			sourceTree = "<group>";
		};
/* End PBXGroup section */

/* Begin PBXNativeTarget section */
		BC3DF4441C3BFED00045F538 /* SuperCool */ = {
			isa = PBXNativeTarget;
			buildConfigurationList = BC3DF4571C3BFED00045F538 /* Build configuration list for PBXNativeTarget "SuperCool" */;
			buildPhases = (
				BC3DF4411C3BFED00045F538 /* Sources */,
				BC3DF4421C3BFED00045F538 /* Frameworks */,
				BC3DF4431C3BFED00045F538 /* Resources */,
			);
			buildRules = (
			);
			dependencies = (
			);
			name = SuperCool;
			productName = SuperCool;
			productReference = BC3DF4451C3BFED00045F538 /* SuperCool.app */;
			productType = "com.apple.product-type.application";
		};
/* End PBXNativeTarget section */

/* Begin PBXProject section */
		BC3DF43D1C3BFED00045F538 /* Project object */ = {
			isa = PBXProject;
			attributes = {
				LastSwiftUpdateCheck = 0720;
				LastUpgradeCheck = 0720;
				ORGANIZATIONNAME = Appfish;
				TargetAttributes = {
					BC3DF4441C3BFED00045F538 = {
						CreatedOnToolsVersion = 7.2;
						DevelopmentTeam = 5CEAJ429QD;
					};
				};
			};
			buildConfigurationList = BC3DF4401C3BFED00045F538 /* Build configuration list for PBXProject "SuperCool" */;
			compatibilityVersion = "Xcode 3.2";
			developmentRegion = English;
			hasScannedForEncodings = 0;
			knownRegions = (
				en,
				Base,
			);
			mainGroup = BC3DF43C1C3BFED00045F538;
			productRefGroup = BC3DF4461C3BFED00045F538 /* Products */;
			projectDirPath = "";
			projectRoot = "";
			targets = (
				BC3DF4441C3BFED00045F538 /* SuperCool */,
			);
		};
/* End PBXProject section */

/* Begin PBXResourcesBuildPhase section */
		BC3DF4431C3BFED00045F538 /* Resources */ = {
			isa = PBXResourcesBuildPhase;
			buildActionMask = 2147483647;
			files = (
				BC3DF4531C3BFED00045F538 /* LaunchScreen.storyboard in Resources */,
				BC3DF4501C3BFED00045F538 /* Assets.xcassets in Resources */,
				BC3DF44E1C3BFED00045F538 /* Main.storyboard in Resources */,
			);
			runOnlyForDeploymentPostprocessing = 0;
		};
/* End PBXResourcesBuildPhase section */

/* Begin PBXSourcesBuildPhase section */
		BC3DF4411C3BFED00045F538 /* Sources */ = {
			isa = PBXSourcesBuildPhase;
			buildActionMask = 2147483647;
			files = (
				BC3DF44B1C3BFED00045F538 /* ViewController.swift in Sources */,
				BC3DF4491C3BFED00045F538 /* AppDelegate.swift in Sources */,
			);
			runOnlyForDeploymentPostprocessing = 0;
		};
/* End PBXSourcesBuildPhase section */

/* Begin PBXVariantGroup section */
		BC3DF44C1C3BFED00045F538 /* Main.storyboard */ = {
			isa = PBXVariantGroup;
			children = (
				BC3DF44D1C3BFED00045F538 /* Base */,
			);
			name = Main.storyboard;
			sourceTree = "<group>";
		};
		BC3DF4511C3BFED00045F538 /* LaunchScreen.storyboard */ = {
			isa = PBXVariantGroup;
			children = (
				BC3DF4521C3BFED00045F538 /* Base */,
			);
			name = LaunchScreen.storyboard;
			sourceTree = "<group>";
		};
/* End PBXVariantGroup section */

/* Begin XCBuildConfiguration section */
		BC3DF4551C3BFED00045F538 /* Debug */ = {
			isa = XCBuildConfiguration;
			buildSettings = {
				ALWAYS_SEARCH_USER_PATHS = NO;
				CLANG_CXX_LANGUAGE_STANDARD = "gnu++0x";
				CLANG_CXX_LIBRARY = "libc++";
				CLANG_ENABLE_MODULES = YES;
				CLANG_ENABLE_OBJC_ARC = YES;
				CLANG_WARN_BOOL_CONVERSION = YES;
				CLANG_WARN_CONSTANT_CONVERSION = YES;
				CLANG_WARN_DIRECT_OBJC_ISA_USAGE = YES_ERROR;
				CLANG_WARN_EMPTY_BODY = YES;
				CLANG_WARN_ENUM_CONVERSION = YES;
				CLANG_WARN_INT_CONVERSION = YES;
				CLANG_WARN_OBJC_ROOT_CLASS = YES_ERROR;
				CLANG_WARN_UNREACHABLE_CODE = YES;
				CLANG_WARN__DUPLICATE_METHOD_MATCH = YES;
				"CODE_SIGN_IDENTITY[sdk=iphoneos*]" = "iPhone Developer";
				COPY_PHASE_STRIP = NO;
				DEBUG_INFORMATION_FORMAT = dwarf;
				ENABLE_STRICT_OBJC_MSGSEND = YES;
				ENABLE_TESTABILITY = YES;
				GCC_C_LANGUAGE_STANDARD = gnu99;
				GCC_DYNAMIC_NO_PIC = NO;
				GCC_NO_COMMON_BLOCKS = YES;
				GCC_OPTIMIZATION_LEVEL = 0;
				GCC_PREPROCESSOR_DEFINITIONS = (
					"DEBUG=1",
					"$(inherited)",
				);
				GCC_WARN_64_TO_32_BIT_CONVERSION = YES;
				GCC_WARN_ABOUT_RETURN_TYPE = YES_ERROR;
				GCC_WARN_UNDECLARED_SELECTOR = YES;
				GCC_WARN_UNINITIALIZED_AUTOS = YES_AGGRESSIVE;
				GCC_WARN_UNUSED_FUNCTION = YES;
				GCC_WARN_UNUSED_VARIABLE = YES;
				IPHONEOS_DEPLOYMENT_TARGET = 9.2;
				MTL_ENABLE_DEBUG_INFO = YES;
				ONLY_ACTIVE_ARCH = YES;
				SDKROOT = iphoneos;
				SWIFT_OPTIMIZATION_LEVEL = "-Onone";
			};
			name = Debug;
		};
		BC3DF4561C3BFED00045F538 /* Release */ = {
			isa = XCBuildConfiguration;
			buildSettings = {
				ALWAYS_SEARCH_USER_PATHS = NO;
				CLANG_CXX_LANGUAGE_STANDARD = "gnu++0x";
				CLANG_CXX_LIBRARY = "libc++";
				CLANG_ENABLE_MODULES = YES;
				CLANG_ENABLE_OBJC_ARC = YES;
				CLANG_WARN_BOOL_CONVERSION = YES;
				CLANG_WARN_CONSTANT_CONVERSION = YES;
				CLANG_WARN_DIRECT_OBJC_ISA_USAGE = YES_ERROR;
				CLANG_WARN_EMPTY_BODY = YES;
				CLANG_WARN_ENUM_CONVERSION = YES;
				CLANG_WARN_INT_CONVERSION = YES;
				CLANG_WARN_OBJC_ROOT_CLASS = YES_ERROR;
				CLANG_WARN_UNREACHABLE_CODE = YES;
				CLANG_WARN__DUPLICATE_METHOD_MATCH = YES;
				"CODE_SIGN_IDENTITY[sdk=iphoneos*]" = "iPhone Developer";
				COPY_PHASE_STRIP = NO;
				DEBUG_INFORMATION_FORMAT = "dwarf-with-dsym";
				ENABLE_NS_ASSERTIONS = NO;
				ENABLE_STRICT_OBJC_MSGSEND = YES;
				GCC_C_LANGUAGE_STANDARD = gnu99;
				GCC_NO_COMMON_BLOCKS = YES;
				GCC_WARN_64_TO_32_BIT_CONVERSION = YES;
				GCC_WARN_ABOUT_RETURN_TYPE = YES_ERROR;
				GCC_WARN_UNDECLARED_SELECTOR = YES;
				GCC_WARN_UNINITIALIZED_AUTOS = YES_AGGRESSIVE;
				GCC_WARN_UNUSED_FUNCTION = YES;
				GCC_WARN_UNUSED_VARIABLE = YES;
				IPHONEOS_DEPLOYMENT_TARGET = 9.2;
				MTL_ENABLE_DEBUG_INFO = NO;
				SDKROOT = iphoneos;
				VALIDATE_PRODUCT = YES;
			};
			name = Release;
		};
		BC3DF4581C3BFED00045F538 /* Debug */ = {
			isa = XCBuildConfiguration;
			buildSettings = {
				ASSETCATALOG_COMPILER_APPICON_NAME = AppIcon;
				INFOPLIST_FILE = SuperCool/Info.plist;
				LD_RUNPATH_SEARCH_PATHS = "$(inherited) @executable_path/Frameworks";
				PRODUCT_BUNDLE_IDENTIFIER = com.appfish.SuperCool;
				PRODUCT_NAME = "$(TARGET_NAME)";
			};
			name = Debug;
		};
		BC3DF4591C3BFED00045F538 /* Release */ = {
			isa = XCBuildConfiguration;
			buildSettings = {
				ASSETCATALOG_COMPILER_APPICON_NAME = AppIcon;
				INFOPLIST_FILE = SuperCool/Info.plist;
				LD_RUNPATH_SEARCH_PATHS = "$(inherited) @executable_path/Frameworks";
				PRODUCT_BUNDLE_IDENTIFIER = com.appfish.SuperCool;
				PRODUCT_NAME = "$(TARGET_NAME)";
			};
			name = Release;
		};
/* End XCBuildConfiguration section */

/* Begin XCConfigurationList section */
		BC3DF4401C3BFED00045F538 /* Build configuration list for PBXProject "SuperCool" */ = {
			isa = XCConfigurationList;
			buildConfigurations = (
				BC3DF4551C3BFED00045F538 /* Debug */,
				BC3DF4561C3BFED00045F538 /* Release */,
			);
			defaultConfigurationIsVisible = 0;
			defaultConfigurationName = Release;
		};
		BC3DF4571C3BFED00045F538 /* Build configuration list for PBXNativeTarget "SuperCool" */ = {
			isa = XCConfigurationList;
			buildConfigurations = (
				BC3DF4581C3BFED00045F538 /* Debug */,
				BC3DF4591C3BFED00045F538 /* Release */,
			);
			defaultConfigurationIsVisible = 0;
		};
/* End XCConfigurationList section */
	};
	rootObject = BC3DF43D1C3BFED00045F538 /* Project object */;
}
